
Microsoft Visual Studio Solution File, Format Version 12.00
# Visual Studio 15
VisualStudioVersion = 15.0.26430.6
MinimumVisualStudioVersion = 10.0.40219.1
Project("{FAE04EC0-301F-11D3-BF4B-00C04F79EFBC}") = "Musicaloty", "Musicaloty\Musicaloty.csproj", "{13A45C13-3265-47B8-BC48-A553B569DF55}"
EndProject
Project("{FAE04EC0-301F-11D3-BF4B-00C04F79EFBC}") = "Assembly-CSharp", "C:\Users\harry\Documents\Unity\Musicaloty\App\GeneratedProjects\UWP\Assembly-CSharp\Assembly-CSharp.csproj", "{04F97997-69A3-40C8-AD2B-0508F6A35EEA}"
EndProject
Project("{FAE04EC0-301F-11D3-BF4B-00C04F79EFBC}") = "Assembly-CSharp-firstpass", "C:\Users\harry\Documents\Unity\Musicaloty\App\GeneratedProjects\UWP\Assembly-CSharp-firstpass\Assembly-CSharp-firstpass.csproj", "{97766C25-3E98-4182-BCDF-659F63906873}"
EndProject
Global
	GlobalSection(SolutionConfigurationPlatforms) = preSolution
		Debug|ARM = Debug|ARM
		Debug|x64 = Debug|x64
		Debug|x86 = Debug|x86
		Master|ARM = Master|ARM
		Master|x64 = Master|x64
		Master|x86 = Master|x86
		Release|ARM = Release|ARM
		Release|x64 = Release|x64
		Release|x86 = Release|x86
	EndGlobalSection
	GlobalSection(ProjectConfigurationPlatforms) = postSolution
		{13A45C13-3265-47B8-BC48-A553B569DF55}.Debug|ARM.ActiveCfg = Debug|ARM
		{13A45C13-3265-47B8-BC48-A553B569DF55}.Debug|ARM.Build.0 = Debug|ARM
		{13A45C13-3265-47B8-BC48-A553B569DF55}.Debug|ARM.Deploy.0 = Debug|ARM
		{13A45C13-3265-47B8-BC48-A553B569DF55}.Debug|x64.ActiveCfg = Debug|x64
		{13A45C13-3265-47B8-BC48-A553B569DF55}.Debug|x64.Build.0 = Debug|x64
		{13A45C13-3265-47B8-BC48-A553B569DF55}.Debug|x64.Deploy.0 = Debug|x64
		{13A45C13-3265-47B8-BC48-A553B569DF55}.Debug|x86.ActiveCfg = Debug|x86
		{13A45C13-3265-47B8-BC48-A553B569DF55}.Debug|x86.Build.0 = Debug|x86
		{13A45C13-3265-47B8-BC48-A553B569DF55}.Debug|x86.Deploy.0 = Debug|x86
		{13A45C13-3265-47B8-BC48-A553B569DF55}.Master|ARM.ActiveCfg = Master|ARM
		{13A45C13-3265-47B8-BC48-A553B569DF55}.Master|ARM.Build.0 = Master|ARM
		{13A45C13-3265-47B8-BC48-A553B569DF55}.Master|ARM.Deploy.0 = Master|ARM
		{13A45C13-3265-47B8-BC48-A553B569DF55}.Master|x64.ActiveCfg = Master|x64
		{13A45C13-3265-47B8-BC48-A553B569DF55}.Master|x64.Build.0 = Master|x64
		{13A45C13-3265-47B8-BC48-A553B569DF55}.Master|x64.Deploy.0 = Master|x64
		{13A45C13-3265-47B8-BC48-A553B569DF55}.Master|x86.ActiveCfg = Master|x86
		{13A45C13-3265-47B8-BC48-A553B569DF55}.Master|x86.Build.0 = Master|x86
		{13A45C13-3265-47B8-BC48-A553B569DF55}.Master|x86.Deploy.0 = Master|x86
		{13A45C13-3265-47B8-BC48-A553B569DF55}.Release|ARM.ActiveCfg = Release|ARM
		{13A45C13-3265-47B8-BC48-A553B569DF55}.Release|ARM.Build.0 = Release|ARM
		{13A45C13-3265-47B8-BC48-A553B569DF55}.Release|ARM.Deploy.0 = Release|ARM
		{13A45C13-3265-47B8-BC48-A553B569DF55}.Release|x64.ActiveCfg = Release|x64
		{13A45C13-3265-47B8-BC48-A553B569DF55}.Release|x64.Build.0 = Release|x64
		{13A45C13-3265-47B8-BC48-A553B569DF55}.Release|x64.Deploy.0 = Release|x64
		{13A45C13-3265-47B8-BC48-A553B569DF55}.Release|x86.ActiveCfg = Release|x86
		{13A45C13-3265-47B8-BC48-A553B569DF55}.Release|x86.Build.0 = Release|x86
		{13A45C13-3265-47B8-BC48-A553B569DF55}.Release|x86.Deploy.0 = Release|x86
		{04F97997-69A3-40C8-AD2B-0508F6A35EEA}.Debug|ARM.ActiveCfg = Debug|ARM
		{04F97997-69A3-40C8-AD2B-0508F6A35EEA}.Debug|ARM.Build.0 = Debug|ARM
		{04F97997-69A3-40C8-AD2B-0508F6A35EEA}.Debug|x64.ActiveCfg = Debug|x64
		{04F97997-69A3-40C8-AD2B-0508F6A35EEA}.Debug|x64.Build.0 = Debug|x64
		{04F97997-69A3-40C8-AD2B-0508F6A35EEA}.Debug|x86.ActiveCfg = Debug|x86
		{04F97997-69A3-40C8-AD2B-0508F6A35EEA}.Debug|x86.Build.0 = Debug|x86
		{04F97997-69A3-40C8-AD2B-0508F6A35EEA}.Master|ARM.ActiveCfg = Master|ARM
		{04F97997-69A3-40C8-AD2B-0508F6A35EEA}.Master|ARM.Build.0 = Master|ARM
		{04F97997-69A3-40C8-AD2B-0508F6A35EEA}.Master|x64.ActiveCfg = Master|x64
		{04F97997-69A3-40C8-AD2B-0508F6A35EEA}.Master|x64.Build.0 = Master|x64
		{04F97997-69A3-40C8-AD2B-0508F6A35EEA}.Master|x86.ActiveCfg = Master|x86
		{04F97997-69A3-40C8-AD2B-0508F6A35EEA}.Master|x86.Build.0 = Master|x86
		{04F97997-69A3-40C8-AD2B-0508F6A35EEA}.Release|ARM.ActiveCfg = Release|ARM
		{04F97997-69A3-40C8-AD2B-0508F6A35EEA}.Release|ARM.Build.0 = Release|ARM
		{04F97997-69A3-40C8-AD2B-0508F6A35EEA}.Release|x64.ActiveCfg = Release|x64
		{04F97997-69A3-40C8-AD2B-0508F6A35EEA}.Release|x64.Build.0 = Release|x64
		{04F97997-69A3-40C8-AD2B-0508F6A35EEA}.Release|x86.ActiveCfg = Release|x86
		{04F97997-69A3-40C8-AD2B-0508F6A35EEA}.Release|x86.Build.0 = Release|x86
		{97766C25-3E98-4182-BCDF-659F63906873}.Debug|ARM.ActiveCfg = Debug|ARM
		{97766C25-3E98-4182-BCDF-659F63906873}.Debug|ARM.Build.0 = Debug|ARM
		{97766C25-3E98-4182-BCDF-659F63906873}.Debug|x64.ActiveCfg = Debug|x64
		{97766C25-3E98-4182-BCDF-659F63906873}.Debug|x64.Build.0 = Debug|x64
		{97766C25-3E98-4182-BCDF-659F63906873}.Debug|x86.ActiveCfg = Debug|x86
		{97766C25-3E98-4182-BCDF-659F63906873}.Debug|x86.Build.0 = Debug|x86
		{97766C25-3E98-4182-BCDF-659F63906873}.Master|ARM.ActiveCfg = Master|ARM
		{97766C25-3E98-4182-BCDF-659F63906873}.Master|ARM.Build.0 = Master|ARM
		{97766C25-3E98-4182-BCDF-659F63906873}.Master|x64.ActiveCfg = Master|x64
		{97766C25-3E98-4182-BCDF-659F63906873}.Master|x64.Build.0 = Master|x64
		{97766C25-3E98-4182-BCDF-659F63906873}.Master|x86.ActiveCfg = Master|x86
		{97766C25-3E98-4182-BCDF-659F63906873}.Master|x86.Build.0 = Master|x86
		{97766C25-3E98-4182-BCDF-659F63906873}.Release|ARM.ActiveCfg = Release|ARM
		{97766C25-3E98-4182-BCDF-659F63906873}.Release|ARM.Build.0 = Release|ARM
		{97766C25-3E98-4182-BCDF-659F63906873}.Release|x64.ActiveCfg = Release|x64
		{97766C25-3E98-4182-BCDF-659F63906873}.Release|x64.Build.0 = Release|x64
		{97766C25-3E98-4182-BCDF-659F63906873}.Release|x86.ActiveCfg = Release|x86
		{97766C25-3E98-4182-BCDF-659F63906873}.Release|x86.Build.0 = Release|x86
	EndGlobalSection
	GlobalSection(SolutionProperties) = preSolution
		HideSolutionNode = FALSE
	EndGlobalSection
EndGlobal
